
Microsoft Visual Studio Solution File, Format Version 12.00
# Visual Studio Version 17
VisualStudioVersion = 17.4.33103.184
MinimumVisualStudioVersion = 10.0.40219.1
Project("{FAE04EC0-301F-11D3-BF4B-00C04F79EFBC}") = "Todea_Andreea_Lab1", "Todea_Andreea_Lab1.csproj", "{63549B64-8608-4DA3-8F6C-CB4DF9ADBB3B}"
EndProject
Global
	GlobalSection(SolutionConfigurationPlatforms) = preSolution
		Debug|Any CPU = Debug|Any CPU
		Release|Any CPU = Release|Any CPU
	EndGlobalSection
	GlobalSection(ProjectConfigurationPlatforms) = postSolution
		{63549B64-8608-4DA3-8F6C-CB4DF9ADBB3B}.Debug|Any CPU.ActiveCfg = Debug|Any CPU
		{63549B64-8608-4DA3-8F6C-CB4DF9ADBB3B}.Debug|Any CPU.Build.0 = Debug|Any CPU
		{63549B64-8608-4DA3-8F6C-CB4DF9ADBB3B}.Release|Any CPU.ActiveCfg = Release|Any CPU
		{63549B64-8608-4DA3-8F6C-CB4DF9ADBB3B}.Release|Any CPU.Build.0 = Release|Any CPU
	EndGlobalSection
	GlobalSection(SolutionProperties) = preSolution
		HideSolutionNode = FALSE
	EndGlobalSection
	GlobalSection(ExtensibilityGlobals) = postSolution
		SolutionGuid = {CF51534C-A316-4130-A07E-BDDABE9CE772}
	EndGlobalSection
EndGlobal
